
Microsoft Visual Studio Solution File, Format Version 12.00
# Visual Studio Version 16
VisualStudioVersion = 16.0.30804.86
MinimumVisualStudioVersion = 10.0.40219.1
Project("{9A19103F-16F7-4668-BE54-9A1E7A4F7556}") = "HashGrpc", "HashGrpc\HashGrpc.csproj", "{CCEAFCCA-3DFE-447D-B43F-977E19965485}"
EndProject
Project("{9A19103F-16F7-4668-BE54-9A1E7A4F7556}") = "HashGrpc.Client", "HashGrpc.Client\HashGrpc.Client.csproj", "{1B51AE65-2988-4502-ACA9-EA4A9F2A48CA}"
EndProject
Project("{2150E333-8FDC-42A3-9474-1A3956D46DE8}") = "Solution Items", "Solution Items", "{56AFC64A-B6BE-44D7-97A1-5E456DD20725}"
	ProjectSection(SolutionItems) = preProject
		assets\images\create-new-project-framework-selection.png = assets\images\create-new-project-framework-selection.png
		assets\images\create-new-project.png = assets\images\create-new-project.png
		assets\images\existing-proto-file.png = assets\images\existing-proto-file.png
		assets\images\initial-project-structure.png = assets\images\initial-project-structure.png
		assets\images\new-proto-hash.png = assets\images\new-proto-hash.png
		README.md = README.md
	EndProjectSection
EndProject
Global
	GlobalSection(SolutionConfigurationPlatforms) = preSolution
		Debug|Any CPU = Debug|Any CPU
		Release|Any CPU = Release|Any CPU
	EndGlobalSection
	GlobalSection(ProjectConfigurationPlatforms) = postSolution
		{CCEAFCCA-3DFE-447D-B43F-977E19965485}.Debug|Any CPU.ActiveCfg = Debug|Any CPU
		{CCEAFCCA-3DFE-447D-B43F-977E19965485}.Debug|Any CPU.Build.0 = Debug|Any CPU
		{CCEAFCCA-3DFE-447D-B43F-977E19965485}.Release|Any CPU.ActiveCfg = Release|Any CPU
		{CCEAFCCA-3DFE-447D-B43F-977E19965485}.Release|Any CPU.Build.0 = Release|Any CPU
		{1B51AE65-2988-4502-ACA9-EA4A9F2A48CA}.Debug|Any CPU.ActiveCfg = Debug|Any CPU
		{1B51AE65-2988-4502-ACA9-EA4A9F2A48CA}.Debug|Any CPU.Build.0 = Debug|Any CPU
		{1B51AE65-2988-4502-ACA9-EA4A9F2A48CA}.Release|Any CPU.ActiveCfg = Release|Any CPU
		{1B51AE65-2988-4502-ACA9-EA4A9F2A48CA}.Release|Any CPU.Build.0 = Release|Any CPU
	EndGlobalSection
	GlobalSection(SolutionProperties) = preSolution
		HideSolutionNode = FALSE
	EndGlobalSection
	GlobalSection(ExtensibilityGlobals) = postSolution
		SolutionGuid = {FFB5002E-B29A-4CD4-B0A0-96D1F510AB1F}
	EndGlobalSection
EndGlobal
